
Microsoft Visual Studio Solution File, Format Version 12.00
# Visual Studio 15
VisualStudioVersion = 15.0.28307.106
MinimumVisualStudioVersion = 10.0.40219.1
Project("{FAE04EC0-301F-11D3-BF4B-00C04F79EFBC}") = "CarAPI", "CarAPI\CarAPI.csproj", "{43E9B493-32C5-4954-9E85-CF051432347C}"
EndProject
Global
	GlobalSection(SolutionConfigurationPlatforms) = preSolution
		Debug|Any CPU = Debug|Any CPU
		Release|Any CPU = Release|Any CPU
	EndGlobalSection
	GlobalSection(ProjectConfigurationPlatforms) = postSolution
		{43E9B493-32C5-4954-9E85-CF051432347C}.Debug|Any CPU.ActiveCfg = Debug|Any CPU
		{43E9B493-32C5-4954-9E85-CF051432347C}.Debug|Any CPU.Build.0 = Debug|Any CPU
		{43E9B493-32C5-4954-9E85-CF051432347C}.Release|Any CPU.ActiveCfg = Release|Any CPU
		{43E9B493-32C5-4954-9E85-CF051432347C}.Release|Any CPU.Build.0 = Release|Any CPU
	EndGlobalSection
	GlobalSection(SolutionProperties) = preSolution
		HideSolutionNode = FALSE
	EndGlobalSection
	GlobalSection(ExtensibilityGlobals) = postSolution
		SolutionGuid = {5B4B6BB6-4241-4E27-9247-9BCEF59F34B4}
	EndGlobalSection
EndGlobal
